xirang-lock: 1
top: soc-linux
packages:
- name: aclint
  version: 0.1.0
  kind: ip
  source:
    path: aclint
  digest: sha256:91a0028176e8fd715269c85a7d0cbb67
- name: amba
  version: 0.1.0
  kind: library
  source:
    path: amba
  digest: sha256:5e08761cf23a4bb5e16863abfeb5dc06
- name: cache
  version: 0.1.0
  kind: ip
  source:
    path: cache
  digest: sha256:3a11a4ba6bd08a90c634c22eee272cbc
- name: hart
  version: 0.1.0
  kind: ip
  source:
    path: hart
  digest: sha256:81c29f377a03db899e2a2f1aee9d30df
- name: hwcore
  version: 0.1.0
  kind: library
  source:
    path: hwcore
  digest: sha256:858489a9c20e52516644993de4506cd8
- name: plic
  version: 0.1.0
  kind: ip
  source:
    path: plic
  digest: sha256:7cf7628e7e4df96dbedfd96fd94f6314
- name: soc-linux
  version: 0.1.0
  kind: ip
  source:
    path: soc-linux
  digest: sha256:34ac4ded6803e072b45b6399f5890ba2
- name: sram
  version: 0.1.0
  kind: ip
  source:
    path: sram
  digest: sha256:cf3b06696a9bb4e1af0c8e9e3f6a821a
- name: uart
  version: 0.1.0
  kind: ip
  source:
    path: uart
  digest: sha256:37eea76a0bebf0b14b5d7930c7b32ead
