xirang-lock: 1
top: soc-linux
packages:
- name: aclint
  version: 0.1.0
  kind: ip
  source:
    path: aclint
  digest: sha256:a590a79da53e8ef9708aeb49e6e14351
- name: amba
  version: 0.1.0
  kind: library
  source:
    path: amba
  digest: sha256:7c58f4afd3ba2c0f19717f5acb9958ca
- name: cache
  version: 0.1.0
  kind: ip
  source:
    path: cache
  digest: sha256:17d21d8d05582885cfdb111fd12706c3
- name: hart
  version: 0.1.0
  kind: ip
  source:
    path: hart
  digest: sha256:31e2cc332ace12262220fefcf91c8eda
- name: hwcore
  version: 0.1.0
  kind: library
  source:
    path: hwcore
  digest: sha256:beb4eafb64ce83e3daaacbf9b86fc216
- name: plic
  version: 0.1.0
  kind: ip
  source:
    path: plic
  digest: sha256:a558303f1f1ea048717e3ff3bde2d15a
- name: rvfi
  version: 0.1.0
  kind: library
  source:
    path: rvfi
  digest: sha256:d95bbd70d42fd69bd2b9125d9668de40
- name: soc-linux
  version: 0.1.0
  kind: ip
  source:
    path: soc-linux
  digest: sha256:047a0e4e065208d920ab897c6c958aa5
- name: sram
  version: 0.1.0
  kind: ip
  source:
    path: sram
  digest: sha256:c36baf50bced22dc66d0860e075aaec1
- name: uart
  version: 0.1.0
  kind: ip
  source:
    path: uart
  digest: sha256:ec3dcf8bb3ddb79103d4e63290763603
