xirang-lock: 1
top: soc-mpu
packages:
- name: aclint
  version: 0.1.0
  kind: ip
  source:
    path: aclint
  digest: sha256:a590a79da53e8ef9708aeb49e6e14351
- name: amba
  version: 0.1.0
  kind: library
  source:
    path: amba
  digest: sha256:d3705f25fbcad6457cff68399ff5c5aa
- name: cache
  version: 0.1.0
  kind: ip
  source:
    path: cache
  digest: sha256:17d21d8d05582885cfdb111fd12706c3
- name: hwcore
  version: 0.1.0
  kind: library
  source:
    path: hwcore
  digest: sha256:6d458b35d1377f1ebd0f54d9fb8391d0
- name: plic
  version: 0.1.0
  kind: ip
  source:
    path: plic
  digest: sha256:a558303f1f1ea048717e3ff3bde2d15a
- name: rvcore
  version: 0.1.0
  kind: ip
  source:
    path: rvcore
  digest: sha256:cdba93e4d8f750753bc053e5934944dc
- name: rvfi
  version: 0.1.0
  kind: library
  source:
    path: rvfi
  digest: sha256:56d115d3c3953add0c38eefde5099015
- name: soc-mpu
  version: 0.1.0
  kind: ip
  source:
    path: soc-mpu
  digest: sha256:bf10da7e752e84399751a46e1bd17f81
- name: sram
  version: 0.1.0
  kind: ip
  source:
    path: sram
  digest: sha256:8438114cfd67aef4853cd4decb3eed0f
- name: uart
  version: 0.1.0
  kind: ip
  source:
    path: uart
  digest: sha256:ec3dcf8bb3ddb79103d4e63290763603
